
Microsoft Visual Studio Solution File, Format Version 12.00
# Visual Studio Version 16
VisualStudioVersion = 16.0.31624.102
MinimumVisualStudioVersion = 10.0.40219.1
Project("{9A19103F-16F7-4668-BE54-9A1E7A4F7556}") = "DawnPan", "DawnPan\DawnPan.csproj", "{3EBEAA53-82F7-4059-A57F-1AC110D5325B}"
EndProject
Project("{FAE04EC0-301F-11D3-BF4B-00C04F79EFBC}") = "DawnPanTests", "DawnPanTests\DawnPanTests.csproj", "{73367756-3463-494E-9C03-295094832C17}"
EndProject
Global
	GlobalSection(SolutionConfigurationPlatforms) = preSolution
		Debug|Any CPU = Debug|Any CPU
		Release|Any CPU = Release|Any CPU
	EndGlobalSection
	GlobalSection(ProjectConfigurationPlatforms) = postSolution
		{3EBEAA53-82F7-4059-A57F-1AC110D5325B}.Debug|Any CPU.ActiveCfg = Debug|Any CPU
		{3EBEAA53-82F7-4059-A57F-1AC110D5325B}.Debug|Any CPU.Build.0 = Debug|Any CPU
		{3EBEAA53-82F7-4059-A57F-1AC110D5325B}.Release|Any CPU.ActiveCfg = Release|Any CPU
		{3EBEAA53-82F7-4059-A57F-1AC110D5325B}.Release|Any CPU.Build.0 = Release|Any CPU
		{73367756-3463-494E-9C03-295094832C17}.Debug|Any CPU.ActiveCfg = Debug|Any CPU
		{73367756-3463-494E-9C03-295094832C17}.Debug|Any CPU.Build.0 = Debug|Any CPU
		{73367756-3463-494E-9C03-295094832C17}.Release|Any CPU.ActiveCfg = Release|Any CPU
		{73367756-3463-494E-9C03-295094832C17}.Release|Any CPU.Build.0 = Release|Any CPU
	EndGlobalSection
	GlobalSection(SolutionProperties) = preSolution
		HideSolutionNode = FALSE
	EndGlobalSection
	GlobalSection(ExtensibilityGlobals) = postSolution
		SolutionGuid = {5DBF5AF5-E150-4A08-88CA-75151F0B5E63}
	EndGlobalSection
EndGlobal
